// !$*UTF8*$!
{
	archiveVersion = 1;
	classes = {
	};
	objectVersion = 56;
	objects = {

/* Begin PBXBuildFile section */
		66081BC52C79BA330059A37E /* Coordinator.swift in Sources */ = {isa = PBXBuildFile; fileRef = 66081BC42C79BA330059A37E /* Coordinator.swift */; };
		66081BC72C79BB420059A37E /* FilterView.swift in Sources */ = {isa = PBXBuildFile; fileRef = 66081BC62C79BB420059A37E /* FilterView.swift */; };
		66081BC92C79BB4E0059A37E /* CropperListView.swift in Sources */ = {isa = PBXBuildFile; fileRef = 66081BC82C79BB4E0059A37E /* CropperListView.swift */; };
		66081BCB2C79BB710059A37E /* ExportView.swift in Sources */ = {isa = PBXBuildFile; fileRef = 66081BCA2C79BB710059A37E /* ExportView.swift */; };
		66081BCD2C79BD4D0059A37E /* Page.swift in Sources */ = {isa = PBXBuildFile; fileRef = 66081BCC2C79BD4D0059A37E /* Page.swift */; };
		66081BD22C79CD700059A37E /* HeaderView.swift in Sources */ = {isa = PBXBuildFile; fileRef = 66081BD12C79CD700059A37E /* HeaderView.swift */; };
		662F1A712C79D1DE005A9367 /* PrimaryBtnView.swift in Sources */ = {isa = PBXBuildFile; fileRef = 662F1A702C79D1DE005A9367 /* PrimaryBtnView.swift */; };
		662F1A772C79DFFA005A9367 /* CropViewController in Frameworks */ = {isa = PBXBuildFile; productRef = 662F1A762C79DFFA005A9367 /* CropViewController */; };
		662F1A792C79DFFA005A9367 /* TOCropViewController in Frameworks */ = {isa = PBXBuildFile; productRef = 662F1A782C79DFFA005A9367 /* TOCropViewController */; };
		668777C52C779FB400EC905A /* ScannerApp.swift in Sources */ = {isa = PBXBuildFile; fileRef = 668777C42C779FB400EC905A /* ScannerApp.swift */; };
		668777C92C779FB400EC905A /* Assets.xcassets in Resources */ = {isa = PBXBuildFile; fileRef = 668777C82C779FB400EC905A /* Assets.xcassets */; };
		668777CD2C779FB400EC905A /* Preview Assets.xcassets in Resources */ = {isa = PBXBuildFile; fileRef = 668777CC2C779FB400EC905A /* Preview Assets.xcassets */; };
		668777D72C779FB500EC905A /* ScannerTests.swift in Sources */ = {isa = PBXBuildFile; fileRef = 668777D62C779FB500EC905A /* ScannerTests.swift */; };
		668777E12C779FB500EC905A /* ScannerUITests.swift in Sources */ = {isa = PBXBuildFile; fileRef = 668777E02C779FB500EC905A /* ScannerUITests.swift */; };
		668777E32C779FB500EC905A /* ScannerUITestsLaunchTests.swift in Sources */ = {isa = PBXBuildFile; fileRef = 668777E22C779FB500EC905A /* ScannerUITestsLaunchTests.swift */; };
		66EA499C2C77A3D2006C8CD3 /* Commissioner-Medium.ttf in Resources */ = {isa = PBXBuildFile; fileRef = 66EA499B2C77A3D2006C8CD3 /* Commissioner-Medium.ttf */; };
		66EA499E2C77A3EA006C8CD3 /* Commissioner-Bold.ttf in Resources */ = {isa = PBXBuildFile; fileRef = 66EA499D2C77A3EA006C8CD3 /* Commissioner-Bold.ttf */; };
		66EA49A12C77A781006C8CD3 /* Font.swift in Sources */ = {isa = PBXBuildFile; fileRef = 66EA49A02C77A781006C8CD3 /* Font.swift */; };
		66EA49A32C77A87B006C8CD3 /* Color.swift in Sources */ = {isa = PBXBuildFile; fileRef = 66EA49A22C77A87B006C8CD3 /* Color.swift */; };
		66EA49A62C77AF7C006C8CD3 /* UILauncScreen.storyboard in Resources */ = {isa = PBXBuildFile; fileRef = 66EA49A52C77AF7C006C8CD3 /* UILauncScreen.storyboard */; };
		66EA49A82C77B196006C8CD3 /* LandingView.swift in Sources */ = {isa = PBXBuildFile; fileRef = 66EA49A72C77B196006C8CD3 /* LandingView.swift */; };
		66EA49AC2C783A70006C8CD3 /* DocScannerView.swift in Sources */ = {isa = PBXBuildFile; fileRef = 66EA49AB2C783A70006C8CD3 /* DocScannerView.swift */; };
		66EDA4FE2C7C877500DCFA85 /* CropperView.swift in Sources */ = {isa = PBXBuildFile; fileRef = 66EDA4FD2C7C877500DCFA85 /* CropperView.swift */; };
		66EDA5002C7C8C8700DCFA85 /* UIImage.swift in Sources */ = {isa = PBXBuildFile; fileRef = 66EDA4FF2C7C8C8700DCFA85 /* UIImage.swift */; };
/* End PBXBuildFile section */

/* Begin PBXContainerItemProxy section */
		668777D32C779FB500EC905A /* PBXContainerItemProxy */ = {
			isa = PBXContainerItemProxy;
			containerPortal = 668777B92C779FB400EC905A /* Project object */;
			proxyType = 1;
			remoteGlobalIDString = 668777C02C779FB400EC905A;
			remoteInfo = Scanner;
		};
		668777DD2C779FB500EC905A /* PBXContainerItemProxy */ = {
			isa = PBXContainerItemProxy;
			containerPortal = 668777B92C779FB400EC905A /* Project object */;
			proxyType = 1;
			remoteGlobalIDString = 668777C02C779FB400EC905A;
			remoteInfo = Scanner;
		};
/* End PBXContainerItemProxy section */

/* Begin PBXFileReference section */
		66081BC42C79BA330059A37E /* Coordinator.swift */ = {isa = PBXFileReference; lastKnownFileType = sourcecode.swift; path = Coordinator.swift; sourceTree = "<group>"; };
		66081BC62C79BB420059A37E /* FilterView.swift */ = {isa = PBXFileReference; lastKnownFileType = sourcecode.swift; path = FilterView.swift; sourceTree = "<group>"; };
		66081BC82C79BB4E0059A37E /* CropperListView.swift */ = {isa = PBXFileReference; lastKnownFileType = sourcecode.swift; path = CropperListView.swift; sourceTree = "<group>"; };
		66081BCA2C79BB710059A37E /* ExportView.swift */ = {isa = PBXFileReference; lastKnownFileType = sourcecode.swift; path = ExportView.swift; sourceTree = "<group>"; };
		66081BCC2C79BD4D0059A37E /* Page.swift */ = {isa = PBXFileReference; lastKnownFileType = sourcecode.swift; path = Page.swift; sourceTree = "<group>"; };
		66081BD12C79CD700059A37E /* HeaderView.swift */ = {isa = PBXFileReference; lastKnownFileType = sourcecode.swift; path = HeaderView.swift; sourceTree = "<group>"; };
		662F1A702C79D1DE005A9367 /* PrimaryBtnView.swift */ = {isa = PBXFileReference; lastKnownFileType = sourcecode.swift; path = PrimaryBtnView.swift; sourceTree = "<group>"; };
		668777C12C779FB400EC905A /* Scanner.app */ = {isa = PBXFileReference; explicitFileType = wrapper.application; includeInIndex = 0; path = Scanner.app; sourceTree = BUILT_PRODUCTS_DIR; };
		668777C42C779FB400EC905A /* ScannerApp.swift */ = {isa = PBXFileReference; lastKnownFileType = sourcecode.swift; path = ScannerApp.swift; sourceTree = "<group>"; };
		668777C82C779FB400EC905A /* Assets.xcassets */ = {isa = PBXFileReference; lastKnownFileType = folder.assetcatalog; path = Assets.xcassets; sourceTree = "<group>"; };
		668777CA2C779FB400EC905A /* Scanner.entitlements */ = {isa = PBXFileReference; lastKnownFileType = text.plist.entitlements; path = Scanner.entitlements; sourceTree = "<group>"; };
		668777CC2C779FB400EC905A /* Preview Assets.xcassets */ = {isa = PBXFileReference; lastKnownFileType = folder.assetcatalog; path = "Preview Assets.xcassets"; sourceTree = "<group>"; };
		668777D22C779FB500EC905A /* ScannerTests.xctest */ = {isa = PBXFileReference; explicitFileType = wrapper.cfbundle; includeInIndex = 0; path = ScannerTests.xctest; sourceTree = BUILT_PRODUCTS_DIR; };
		668777D62C779FB500EC905A /* ScannerTests.swift */ = {isa = PBXFileReference; lastKnownFileType = sourcecode.swift; path = ScannerTests.swift; sourceTree = "<group>"; };
		668777DC2C779FB500EC905A /* ScannerUITests.xctest */ = {isa = PBXFileReference; explicitFileType = wrapper.cfbundle; includeInIndex = 0; path = ScannerUITests.xctest; sourceTree = BUILT_PRODUCTS_DIR; };
		668777E02C779FB500EC905A /* ScannerUITests.swift */ = {isa = PBXFileReference; lastKnownFileType = sourcecode.swift; path = ScannerUITests.swift; sourceTree = "<group>"; };
		668777E22C779FB500EC905A /* ScannerUITestsLaunchTests.swift */ = {isa = PBXFileReference; lastKnownFileType = sourcecode.swift; path = ScannerUITestsLaunchTests.swift; sourceTree = "<group>"; };
		66EA499B2C77A3D2006C8CD3 /* Commissioner-Medium.ttf */ = {isa = PBXFileReference; lastKnownFileType = file; path = "Commissioner-Medium.ttf"; sourceTree = "<group>"; };
		66EA499D2C77A3EA006C8CD3 /* Commissioner-Bold.ttf */ = {isa = PBXFileReference; lastKnownFileType = file; path = "Commissioner-Bold.ttf"; sourceTree = "<group>"; };
		66EA499F2C77A694006C8CD3 /* Info.plist */ = {isa = PBXFileReference; lastKnownFileType = text.plist; path = Info.plist; sourceTree = "<group>"; };
		66EA49A02C77A781006C8CD3 /* Font.swift */ = {isa = PBXFileReference; lastKnownFileType = sourcecode.swift; path = Font.swift; sourceTree = "<group>"; };
		66EA49A22C77A87B006C8CD3 /* Color.swift */ = {isa = PBXFileReference; lastKnownFileType = sourcecode.swift; path = Color.swift; sourceTree = "<group>"; };
		66EA49A52C77AF7C006C8CD3 /* UILauncScreen.storyboard */ = {isa = PBXFileReference; lastKnownFileType = file.storyboard; path = UILauncScreen.storyboard; sourceTree = "<group>"; };
		66EA49A72C77B196006C8CD3 /* LandingView.swift */ = {isa = PBXFileReference; lastKnownFileType = sourcecode.swift; path = LandingView.swift; sourceTree = "<group>"; };
		66EA49AB2C783A70006C8CD3 /* DocScannerView.swift */ = {isa = PBXFileReference; lastKnownFileType = sourcecode.swift; path = DocScannerView.swift; sourceTree = "<group>"; };
		66EDA4FD2C7C877500DCFA85 /* CropperView.swift */ = {isa = PBXFileReference; lastKnownFileType = sourcecode.swift; path = CropperView.swift; sourceTree = "<group>"; };
		66EDA4FF2C7C8C8700DCFA85 /* UIImage.swift */ = {isa = PBXFileReference; lastKnownFileType = sourcecode.swift; path = UIImage.swift; sourceTree = "<group>"; };
/* End PBXFileReference section */

/* Begin PBXFrameworksBuildPhase section */
		668777BE2C779FB400EC905A /* Frameworks */ = {
			isa = PBXFrameworksBuildPhase;
			buildActionMask = 2147483647;
			files = (
				662F1A792C79DFFA005A9367 /* TOCropViewController in Frameworks */,
				662F1A772C79DFFA005A9367 /* CropViewController in Frameworks */,
			);
			runOnlyForDeploymentPostprocessing = 0;
		};
		668777CF2C779FB500EC905A /* Frameworks */ = {
			isa = PBXFrameworksBuildPhase;
			buildActionMask = 2147483647;
			files = (
			);
			runOnlyForDeploymentPostprocessing = 0;
		};
		668777D92C779FB500EC905A /* Frameworks */ = {
			isa = PBXFrameworksBuildPhase;
			buildActionMask = 2147483647;
			files = (
			);
			runOnlyForDeploymentPostprocessing = 0;
		};
/* End PBXFrameworksBuildPhase section */

/* Begin PBXGroup section */
		66081BCF2C79BD9C0059A37E /* Navigation */ = {
			isa = PBXGroup;
			children = (
				66081BC42C79BA330059A37E /* Coordinator.swift */,
				66081BCC2C79BD4D0059A37E /* Page.swift */,
			);
			path = Navigation;
			sourceTree = "<group>";
		};
		66081BD02C79BDCA0059A37E /* Views */ = {
			isa = PBXGroup;
			children = (
				668777C42C779FB400EC905A /* ScannerApp.swift */,
				66EA49A72C77B196006C8CD3 /* LandingView.swift */,
				66EA49AB2C783A70006C8CD3 /* DocScannerView.swift */,
				66081BC82C79BB4E0059A37E /* CropperListView.swift */,
				66EDA4FD2C7C877500DCFA85 /* CropperView.swift */,
				66081BC62C79BB420059A37E /* FilterView.swift */,
				66081BCA2C79BB710059A37E /* ExportView.swift */,
			);
			path = Views;
			sourceTree = "<group>";
		};
		662F1A6F2C79D1BC005A9367 /* Components */ = {
			isa = PBXGroup;
			children = (
				66081BD12C79CD700059A37E /* HeaderView.swift */,
				662F1A702C79D1DE005A9367 /* PrimaryBtnView.swift */,
			);
			path = Components;
			sourceTree = "<group>";
		};
		668777B82C779FB400EC905A = {
			isa = PBXGroup;
			children = (
				668777C32C779FB400EC905A /* Scanner */,
				668777D52C779FB500EC905A /* ScannerTests */,
				668777DF2C779FB500EC905A /* ScannerUITests */,
				668777C22C779FB400EC905A /* Products */,
			);
			sourceTree = "<group>";
		};
		668777C22C779FB400EC905A /* Products */ = {
			isa = PBXGroup;
			children = (
				668777C12C779FB400EC905A /* Scanner.app */,
				668777D22C779FB500EC905A /* ScannerTests.xctest */,
				668777DC2C779FB500EC905A /* ScannerUITests.xctest */,
			);
			name = Products;
			sourceTree = "<group>";
		};
		668777C32C779FB400EC905A /* Scanner */ = {
			isa = PBXGroup;
			children = (
				66EA499F2C77A694006C8CD3 /* Info.plist */,
				66EA49A42C77A942006C8CD3 /* Extention */,
				66081BCF2C79BD9C0059A37E /* Navigation */,
				662F1A6F2C79D1BC005A9367 /* Components */,
				66081BD02C79BDCA0059A37E /* Views */,
				668777C82C779FB400EC905A /* Assets.xcassets */,
				668777CA2C779FB400EC905A /* Scanner.entitlements */,
				66EA49A52C77AF7C006C8CD3 /* UILauncScreen.storyboard */,
				668777CB2C779FB400EC905A /* Preview Content */,
				66EA499A2C77A398006C8CD3 /* Fonts */,
			);
			path = Scanner;
			sourceTree = "<group>";
		};
		668777CB2C779FB400EC905A /* Preview Content */ = {
			isa = PBXGroup;
			children = (
				668777CC2C779FB400EC905A /* Preview Assets.xcassets */,
			);
			path = "Preview Content";
			sourceTree = "<group>";
		};
		668777D52C779FB500EC905A /* ScannerTests */ = {
			isa = PBXGroup;
			children = (
				668777D62C779FB500EC905A /* ScannerTests.swift */,
			);
			path = ScannerTests;
			sourceTree = "<group>";
		};
		668777DF2C779FB500EC905A /* ScannerUITests */ = {
			isa = PBXGroup;
			children = (
				668777E02C779FB500EC905A /* ScannerUITests.swift */,
				668777E22C779FB500EC905A /* ScannerUITestsLaunchTests.swift */,
			);
			path = ScannerUITests;
			sourceTree = "<group>";
		};
		66EA499A2C77A398006C8CD3 /* Fonts */ = {
			isa = PBXGroup;
			children = (
				66EA499D2C77A3EA006C8CD3 /* Commissioner-Bold.ttf */,
				66EA499B2C77A3D2006C8CD3 /* Commissioner-Medium.ttf */,
			);
			path = Fonts;
			sourceTree = "<group>";
		};
		66EA49A42C77A942006C8CD3 /* Extention */ = {
			isa = PBXGroup;
			children = (
				66EA49A02C77A781006C8CD3 /* Font.swift */,
				66EA49A22C77A87B006C8CD3 /* Color.swift */,
				66EDA4FF2C7C8C8700DCFA85 /* UIImage.swift */,
			);
			path = Extention;
			sourceTree = "<group>";
		};
/* End PBXGroup section */

/* Begin PBXNativeTarget section */
		668777C02C779FB400EC905A /* Scanner */ = {
			isa = PBXNativeTarget;
			buildConfigurationList = 668777E62C779FB500EC905A /* Build configuration list for PBXNativeTarget "Scanner" */;
			buildPhases = (
				668777BD2C779FB400EC905A /* Sources */,
				668777BE2C779FB400EC905A /* Frameworks */,
				668777BF2C779FB400EC905A /* Resources */,
			);
			buildRules = (
			);
			dependencies = (
			);
			name = Scanner;
			packageProductDependencies = (
				662F1A762C79DFFA005A9367 /* CropViewController */,
				662F1A782C79DFFA005A9367 /* TOCropViewController */,
			);
			productName = Scanner;
			productReference = 668777C12C779FB400EC905A /* Scanner.app */;
			productType = "com.apple.product-type.application";
		};
		668777D12C779FB500EC905A /* ScannerTests */ = {
			isa = PBXNativeTarget;
			buildConfigurationList = 668777E92C779FB500EC905A /* Build configuration list for PBXNativeTarget "ScannerTests" */;
			buildPhases = (
				668777CE2C779FB500EC905A /* Sources */,
				668777CF2C779FB500EC905A /* Frameworks */,
				668777D02C779FB500EC905A /* Resources */,
			);
			buildRules = (
			);
			dependencies = (
				668777D42C779FB500EC905A /* PBXTargetDependency */,
			);
			name = ScannerTests;
			productName = ScannerTests;
			productReference = 668777D22C779FB500EC905A /* ScannerTests.xctest */;
			productType = "com.apple.product-type.bundle.unit-test";
		};
		668777DB2C779FB500EC905A /* ScannerUITests */ = {
			isa = PBXNativeTarget;
			buildConfigurationList = 668777EC2C779FB500EC905A /* Build configuration list for PBXNativeTarget "ScannerUITests" */;
			buildPhases = (
				668777D82C779FB500EC905A /* Sources */,
				668777D92C779FB500EC905A /* Frameworks */,
				668777DA2C779FB500EC905A /* Resources */,
			);
			buildRules = (
			);
			dependencies = (
				668777DE2C779FB500EC905A /* PBXTargetDependency */,
			);
			name = ScannerUITests;
			productName = ScannerUITests;
			productReference = 668777DC2C779FB500EC905A /* ScannerUITests.xctest */;
			productType = "com.apple.product-type.bundle.ui-testing";
		};
/* End PBXNativeTarget section */

/* Begin PBXProject section */
		668777B92C779FB400EC905A /* Project object */ = {
			isa = PBXProject;
			attributes = {
				BuildIndependentTargetsInParallel = 1;
				LastSwiftUpdateCheck = 1540;
				LastUpgradeCheck = 1540;
				TargetAttributes = {
					668777C02C779FB400EC905A = {
						CreatedOnToolsVersion = 15.4;
					};
					668777D12C779FB500EC905A = {
						CreatedOnToolsVersion = 15.4;
						TestTargetID = 668777C02C779FB400EC905A;
					};
					668777DB2C779FB500EC905A = {
						CreatedOnToolsVersion = 15.4;
						TestTargetID = 668777C02C779FB400EC905A;
					};
				};
			};
			buildConfigurationList = 668777BC2C779FB400EC905A /* Build configuration list for PBXProject "Scanner" */;
			compatibilityVersion = "Xcode 14.0";
			developmentRegion = en;
			hasScannedForEncodings = 0;
			knownRegions = (
				en,
				Base,
			);
			mainGroup = 668777B82C779FB400EC905A;
			packageReferences = (
				662F1A752C79DFFA005A9367 /* XCRemoteSwiftPackageReference "TOCropViewController" */,
			);
			productRefGroup = 668777C22C779FB400EC905A /* Products */;
			projectDirPath = "";
			projectRoot = "";
			targets = (
				668777C02C779FB400EC905A /* Scanner */,
				668777D12C779FB500EC905A /* ScannerTests */,
				668777DB2C779FB500EC905A /* ScannerUITests */,
			);
		};
/* End PBXProject section */

/* Begin PBXResourcesBuildPhase section */
		668777BF2C779FB400EC905A /* Resources */ = {
			isa = PBXResourcesBuildPhase;
			buildActionMask = 2147483647;
			files = (
				66EA499C2C77A3D2006C8CD3 /* Commissioner-Medium.ttf in Resources */,
				668777CD2C779FB400EC905A /* Preview Assets.xcassets in Resources */,
				668777C92C779FB400EC905A /* Assets.xcassets in Resources */,
				66EA49A62C77AF7C006C8CD3 /* UILauncScreen.storyboard in Resources */,
				66EA499E2C77A3EA006C8CD3 /* Commissioner-Bold.ttf in Resources */,
			);
			runOnlyForDeploymentPostprocessing = 0;
		};
		668777D02C779FB500EC905A /* Resources */ = {
			isa = PBXResourcesBuildPhase;
			buildActionMask = 2147483647;
			files = (
			);
			runOnlyForDeploymentPostprocessing = 0;
		};
		668777DA2C779FB500EC905A /* Resources */ = {
			isa = PBXResourcesBuildPhase;
			buildActionMask = 2147483647;
			files = (
			);
			runOnlyForDeploymentPostprocessing = 0;
		};
/* End PBXResourcesBuildPhase section */

/* Begin PBXSourcesBuildPhase section */
		668777BD2C779FB400EC905A /* Sources */ = {
			isa = PBXSourcesBuildPhase;
			buildActionMask = 2147483647;
			files = (
				66081BC72C79BB420059A37E /* FilterView.swift in Sources */,
				66EA49A82C77B196006C8CD3 /* LandingView.swift in Sources */,
				66081BC92C79BB4E0059A37E /* CropperListView.swift in Sources */,
				66EA49A32C77A87B006C8CD3 /* Color.swift in Sources */,
				66081BCD2C79BD4D0059A37E /* Page.swift in Sources */,
				66081BC52C79BA330059A37E /* Coordinator.swift in Sources */,
				66081BCB2C79BB710059A37E /* ExportView.swift in Sources */,
				66081BD22C79CD700059A37E /* HeaderView.swift in Sources */,
				66EA49AC2C783A70006C8CD3 /* DocScannerView.swift in Sources */,
				668777C52C779FB400EC905A /* ScannerApp.swift in Sources */,
				66EDA4FE2C7C877500DCFA85 /* CropperView.swift in Sources */,
				662F1A712C79D1DE005A9367 /* PrimaryBtnView.swift in Sources */,
				66EA49A12C77A781006C8CD3 /* Font.swift in Sources */,
				66EDA5002C7C8C8700DCFA85 /* UIImage.swift in Sources */,
			);
			runOnlyForDeploymentPostprocessing = 0;
		};
		668777CE2C779FB500EC905A /* Sources */ = {
			isa = PBXSourcesBuildPhase;
			buildActionMask = 2147483647;
			files = (
				668777D72C779FB500EC905A /* ScannerTests.swift in Sources */,
			);
			runOnlyForDeploymentPostprocessing = 0;
		};
		668777D82C779FB500EC905A /* Sources */ = {
			isa = PBXSourcesBuildPhase;
			buildActionMask = 2147483647;
			files = (
				668777E12C779FB500EC905A /* ScannerUITests.swift in Sources */,
				668777E32C779FB500EC905A /* ScannerUITestsLaunchTests.swift in Sources */,
			);
			runOnlyForDeploymentPostprocessing = 0;
		};
/* End PBXSourcesBuildPhase section */

/* Begin PBXTargetDependency section */
		668777D42C779FB500EC905A /* PBXTargetDependency */ = {
			isa = PBXTargetDependency;
			target = 668777C02C779FB400EC905A /* Scanner */;
			targetProxy = 668777D32C779FB500EC905A /* PBXContainerItemProxy */;
		};
		668777DE2C779FB500EC905A /* PBXTargetDependency */ = {
			isa = PBXTargetDependency;
			target = 668777C02C779FB400EC905A /* Scanner */;
			targetProxy = 668777DD2C779FB500EC905A /* PBXContainerItemProxy */;
		};
/* End PBXTargetDependency section */

/* Begin XCBuildConfiguration section */
		668777E42C779FB500EC905A /* Debug */ = {
			isa = XCBuildConfiguration;
			buildSettings = {
				ALWAYS_SEARCH_USER_PATHS = NO;
				ASSETCATALOG_COMPILER_GENERATE_SWIFT_ASSET_SYMBOL_EXTENSIONS = YES;
				CLANG_ANALYZER_NONNULL = YES;
				CLANG_ANALYZER_NUMBER_OBJECT_CONVERSION = YES_AGGRESSIVE;
				CLANG_CXX_LANGUAGE_STANDARD = "gnu++20";
				CLANG_ENABLE_MODULES = YES;
				CLANG_ENABLE_OBJC_ARC = YES;
				CLANG_ENABLE_OBJC_WEAK = YES;
				CLANG_WARN_BLOCK_CAPTURE_AUTORELEASING = YES;
				CLANG_WARN_BOOL_CONVERSION = YES;
				CLANG_WARN_COMMA = YES;
				CLANG_WARN_CONSTANT_CONVERSION = YES;
				CLANG_WARN_DEPRECATED_OBJC_IMPLEMENTATIONS = YES;
				CLANG_WARN_DIRECT_OBJC_ISA_USAGE = YES_ERROR;
				CLANG_WARN_DOCUMENTATION_COMMENTS = YES;
				CLANG_WARN_EMPTY_BODY = YES;
				CLANG_WARN_ENUM_CONVERSION = YES;
				CLANG_WARN_INFINITE_RECURSION = YES;
				CLANG_WARN_INT_CONVERSION = YES;
				CLANG_WARN_NON_LITERAL_NULL_CONVERSION = YES;
				CLANG_WARN_OBJC_IMPLICIT_RETAIN_SELF = YES;
				CLANG_WARN_OBJC_LITERAL_CONVERSION = YES;
				CLANG_WARN_OBJC_ROOT_CLASS = YES_ERROR;
				CLANG_WARN_QUOTED_INCLUDE_IN_FRAMEWORK_HEADER = YES;
				CLANG_WARN_RANGE_LOOP_ANALYSIS = YES;
				CLANG_WARN_STRICT_PROTOTYPES = YES;
				CLANG_WARN_SUSPICIOUS_MOVE = YES;
				CLANG_WARN_UNGUARDED_AVAILABILITY = YES_AGGRESSIVE;
				CLANG_WARN_UNREACHABLE_CODE = YES;
				CLANG_WARN__DUPLICATE_METHOD_MATCH = YES;
				COPY_PHASE_STRIP = NO;
				DEBUG_INFORMATION_FORMAT = dwarf;
				ENABLE_STRICT_OBJC_MSGSEND = YES;
				ENABLE_TESTABILITY = YES;
				ENABLE_USER_SCRIPT_SANDBOXING = YES;
				GCC_C_LANGUAGE_STANDARD = gnu17;
				GCC_DYNAMIC_NO_PIC = NO;
				GCC_NO_COMMON_BLOCKS = YES;
				GCC_OPTIMIZATION_LEVEL = 0;
				GCC_PREPROCESSOR_DEFINITIONS = (
					"DEBUG=1",
					"$(inherited)",
				);
				GCC_WARN_64_TO_32_BIT_CONVERSION = YES;
				GCC_WARN_ABOUT_RETURN_TYPE = YES_ERROR;
				GCC_WARN_UNDECLARED_SELECTOR = YES;
				GCC_WARN_UNINITIALIZED_AUTOS = YES_AGGRESSIVE;
				GCC_WARN_UNUSED_FUNCTION = YES;
				GCC_WARN_UNUSED_VARIABLE = YES;
				LOCALIZATION_PREFERS_STRING_CATALOGS = YES;
				MTL_ENABLE_DEBUG_INFO = INCLUDE_SOURCE;
				MTL_FAST_MATH = YES;
				ONLY_ACTIVE_ARCH = YES;
				SWIFT_ACTIVE_COMPILATION_CONDITIONS = "DEBUG $(inherited)";
				SWIFT_OPTIMIZATION_LEVEL = "-Onone";
			};
			name = Debug;
		};
		668777E52C779FB500EC905A /* Release */ = {
			isa = XCBuildConfiguration;
			buildSettings = {
				ALWAYS_SEARCH_USER_PATHS = NO;
				ASSETCATALOG_COMPILER_GENERATE_SWIFT_ASSET_SYMBOL_EXTENSIONS = YES;
				CLANG_ANALYZER_NONNULL = YES;
				CLANG_ANALYZER_NUMBER_OBJECT_CONVERSION = YES_AGGRESSIVE;
				CLANG_CXX_LANGUAGE_STANDARD = "gnu++20";
				CLANG_ENABLE_MODULES = YES;
				CLANG_ENABLE_OBJC_ARC = YES;
				CLANG_ENABLE_OBJC_WEAK = YES;
				CLANG_WARN_BLOCK_CAPTURE_AUTORELEASING = YES;
				CLANG_WARN_BOOL_CONVERSION = YES;
				CLANG_WARN_COMMA = YES;
				CLANG_WARN_CONSTANT_CONVERSION = YES;
				CLANG_WARN_DEPRECATED_OBJC_IMPLEMENTATIONS = YES;
				CLANG_WARN_DIRECT_OBJC_ISA_USAGE = YES_ERROR;
				CLANG_WARN_DOCUMENTATION_COMMENTS = YES;
				CLANG_WARN_EMPTY_BODY = YES;
				CLANG_WARN_ENUM_CONVERSION = YES;
				CLANG_WARN_INFINITE_RECURSION = YES;
				CLANG_WARN_INT_CONVERSION = YES;
				CLANG_WARN_NON_LITERAL_NULL_CONVERSION = YES;
				CLANG_WARN_OBJC_IMPLICIT_RETAIN_SELF = YES;
				CLANG_WARN_OBJC_LITERAL_CONVERSION = YES;
				CLANG_WARN_OBJC_ROOT_CLASS = YES_ERROR;
				CLANG_WARN_QUOTED_INCLUDE_IN_FRAMEWORK_HEADER = YES;
				CLANG_WARN_RANGE_LOOP_ANALYSIS = YES;
				CLANG_WARN_STRICT_PROTOTYPES = YES;
				CLANG_WARN_SUSPICIOUS_MOVE = YES;
				CLANG_WARN_UNGUARDED_AVAILABILITY = YES_AGGRESSIVE;
				CLANG_WARN_UNREACHABLE_CODE = YES;
				CLANG_WARN__DUPLICATE_METHOD_MATCH = YES;
				COPY_PHASE_STRIP = NO;
				DEBUG_INFORMATION_FORMAT = "dwarf-with-dsym";
				ENABLE_NS_ASSERTIONS = NO;
				ENABLE_STRICT_OBJC_MSGSEND = YES;
				ENABLE_USER_SCRIPT_SANDBOXING = YES;
				GCC_C_LANGUAGE_STANDARD = gnu17;
				GCC_NO_COMMON_BLOCKS = YES;
				GCC_WARN_64_TO_32_BIT_CONVERSION = YES;
				GCC_WARN_ABOUT_RETURN_TYPE = YES_ERROR;
				GCC_WARN_UNDECLARED_SELECTOR = YES;
				GCC_WARN_UNINITIALIZED_AUTOS = YES_AGGRESSIVE;
				GCC_WARN_UNUSED_FUNCTION = YES;
				GCC_WARN_UNUSED_VARIABLE = YES;
				LOCALIZATION_PREFERS_STRING_CATALOGS = YES;
				MTL_ENABLE_DEBUG_INFO = NO;
				MTL_FAST_MATH = YES;
				SWIFT_COMPILATION_MODE = wholemodule;
			};
			name = Release;
		};
		668777E72C779FB500EC905A /* Debug */ = {
			isa = XCBuildConfiguration;
			buildSettings = {
				ASSETCATALOG_COMPILER_APPICON_NAME = AppIcon;
				ASSETCATALOG_COMPILER_GLOBAL_ACCENT_COLOR_NAME = AccentColor;
				CODE_SIGN_ENTITLEMENTS = Scanner/Scanner.entitlements;
				CODE_SIGN_STYLE = Automatic;
				CURRENT_PROJECT_VERSION = 1;
				DEVELOPMENT_ASSET_PATHS = "\"Scanner/Preview Content\"";
				DEVELOPMENT_TEAM = 3T343GTPL5;
				ENABLE_HARDENED_RUNTIME = YES;
				ENABLE_PREVIEWS = YES;
				GENERATE_INFOPLIST_FILE = YES;
				INFOPLIST_FILE = Scanner/Info.plist;
				INFOPLIST_KEY_LSApplicationCategoryType = "";
				INFOPLIST_KEY_NSCameraUsageDescription = "Need access to camera to scan the documents ";
				"INFOPLIST_KEY_UIApplicationSceneManifest_Generation[sdk=iphoneos*]" = YES;
				"INFOPLIST_KEY_UIApplicationSceneManifest_Generation[sdk=iphonesimulator*]" = YES;
				"INFOPLIST_KEY_UIApplicationSupportsIndirectInputEvents[sdk=iphoneos*]" = YES;
				"INFOPLIST_KEY_UIApplicationSupportsIndirectInputEvents[sdk=iphonesimulator*]" = YES;
				"INFOPLIST_KEY_UILaunchScreen_Generation[sdk=iphoneos*]" = YES;
				"INFOPLIST_KEY_UILaunchScreen_Generation[sdk=iphonesimulator*]" = YES;
				INFOPLIST_KEY_UILaunchStoryboardName = UILauncScreen.storyboard;
				"INFOPLIST_KEY_UIStatusBarStyle[sdk=iphoneos*]" = UIStatusBarStyleDefault;
				"INFOPLIST_KEY_UIStatusBarStyle[sdk=iphonesimulator*]" = UIStatusBarStyleDefault;
				INFOPLIST_KEY_UISupportedInterfaceOrientations_iPad = "UIInterfaceOrientationPortrait UIInterfaceOrientationPortraitUpsideDown UIInterfaceOrientationLandscapeLeft UIInterfaceOrientationLandscapeRight";
				INFOPLIST_KEY_UISupportedInterfaceOrientations_iPhone = "UIInterfaceOrientationPortrait UIInterfaceOrientationLandscapeLeft UIInterfaceOrientationLandscapeRight";
				IPHONEOS_DEPLOYMENT_TARGET = 16.0;
				LD_RUNPATH_SEARCH_PATHS = "@executable_path/Frameworks";
				"LD_RUNPATH_SEARCH_PATHS[sdk=macosx*]" = "@executable_path/../Frameworks";
				MACOSX_DEPLOYMENT_TARGET = 13.0;
				MARKETING_VERSION = 1.0;
				PRODUCT_BUNDLE_IDENTIFIER = yan.shirin.Scanner;
				PRODUCT_NAME = "$(TARGET_NAME)";
				SDKROOT = auto;
				SUPPORTED_PLATFORMS = "iphoneos iphonesimulator macosx";
				SWIFT_EMIT_LOC_STRINGS = YES;
				SWIFT_VERSION = 5.0;
				TARGETED_DEVICE_FAMILY = "1,2";
			};
			name = Debug;
		};
		668777E82C779FB500EC905A /* Release */ = {
			isa = XCBuildConfiguration;
			buildSettings = {
				ASSETCATALOG_COMPILER_APPICON_NAME = AppIcon;
				ASSETCATALOG_COMPILER_GLOBAL_ACCENT_COLOR_NAME = AccentColor;
				CODE_SIGN_ENTITLEMENTS = Scanner/Scanner.entitlements;
				CODE_SIGN_STYLE = Automatic;
				CURRENT_PROJECT_VERSION = 1;
				DEVELOPMENT_ASSET_PATHS = "\"Scanner/Preview Content\"";
				DEVELOPMENT_TEAM = 3T343GTPL5;
				ENABLE_HARDENED_RUNTIME = YES;
				ENABLE_PREVIEWS = YES;
				GENERATE_INFOPLIST_FILE = YES;
				INFOPLIST_FILE = Scanner/Info.plist;
				INFOPLIST_KEY_LSApplicationCategoryType = "";
				INFOPLIST_KEY_NSCameraUsageDescription = "Need access to camera to scan the documents ";
				"INFOPLIST_KEY_UIApplicationSceneManifest_Generation[sdk=iphoneos*]" = YES;
				"INFOPLIST_KEY_UIApplicationSceneManifest_Generation[sdk=iphonesimulator*]" = YES;
				"INFOPLIST_KEY_UIApplicationSupportsIndirectInputEvents[sdk=iphoneos*]" = YES;
				"INFOPLIST_KEY_UIApplicationSupportsIndirectInputEvents[sdk=iphonesimulator*]" = YES;
				"INFOPLIST_KEY_UILaunchScreen_Generation[sdk=iphoneos*]" = YES;
				"INFOPLIST_KEY_UILaunchScreen_Generation[sdk=iphonesimulator*]" = YES;
				INFOPLIST_KEY_UILaunchStoryboardName = UILauncScreen.storyboard;
				"INFOPLIST_KEY_UIStatusBarStyle[sdk=iphoneos*]" = UIStatusBarStyleDefault;
				"INFOPLIST_KEY_UIStatusBarStyle[sdk=iphonesimulator*]" = UIStatusBarStyleDefault;
				INFOPLIST_KEY_UISupportedInterfaceOrientations_iPad = "UIInterfaceOrientationPortrait UIInterfaceOrientationPortraitUpsideDown UIInterfaceOrientationLandscapeLeft UIInterfaceOrientationLandscapeRight";
				INFOPLIST_KEY_UISupportedInterfaceOrientations_iPhone = "UIInterfaceOrientationPortrait UIInterfaceOrientationLandscapeLeft UIInterfaceOrientationLandscapeRight";
				IPHONEOS_DEPLOYMENT_TARGET = 16.0;
				LD_RUNPATH_SEARCH_PATHS = "@executable_path/Frameworks";
				"LD_RUNPATH_SEARCH_PATHS[sdk=macosx*]" = "@executable_path/../Frameworks";
				MACOSX_DEPLOYMENT_TARGET = 13.0;
				MARKETING_VERSION = 1.0;
				PRODUCT_BUNDLE_IDENTIFIER = yan.shirin.Scanner;
				PRODUCT_NAME = "$(TARGET_NAME)";
				SDKROOT = auto;
				SUPPORTED_PLATFORMS = "iphoneos iphonesimulator macosx";
				SWIFT_EMIT_LOC_STRINGS = YES;
				SWIFT_VERSION = 5.0;
				TARGETED_DEVICE_FAMILY = "1,2";
			};
			name = Release;
		};
		668777EA2C779FB500EC905A /* Debug */ = {
			isa = XCBuildConfiguration;
			buildSettings = {
				ALWAYS_EMBED_SWIFT_STANDARD_LIBRARIES = YES;
				BUNDLE_LOADER = "$(TEST_HOST)";
				CODE_SIGN_STYLE = Automatic;
				CURRENT_PROJECT_VERSION = 1;
				DEVELOPMENT_TEAM = 3T343GTPL5;
				GENERATE_INFOPLIST_FILE = YES;
				IPHONEOS_DEPLOYMENT_TARGET = 17.5;
				MACOSX_DEPLOYMENT_TARGET = 14.4;
				MARKETING_VERSION = 1.0;
				PRODUCT_BUNDLE_IDENTIFIER = yan.shirin.ScannerTests;
				PRODUCT_NAME = "$(TARGET_NAME)";
				SDKROOT = auto;
				SUPPORTED_PLATFORMS = "iphoneos iphonesimulator macosx";
				SWIFT_EMIT_LOC_STRINGS = NO;
				SWIFT_VERSION = 5.0;
				TARGETED_DEVICE_FAMILY = "1,2";
				TEST_HOST = "$(BUILT_PRODUCTS_DIR)/Scanner.app/$(BUNDLE_EXECUTABLE_FOLDER_PATH)/Scanner";
			};
			name = Debug;
		};
		668777EB2C779FB500EC905A /* Release */ = {
			isa = XCBuildConfiguration;
			buildSettings = {
				ALWAYS_EMBED_SWIFT_STANDARD_LIBRARIES = YES;
				BUNDLE_LOADER = "$(TEST_HOST)";
				CODE_SIGN_STYLE = Automatic;
				CURRENT_PROJECT_VERSION = 1;
				DEVELOPMENT_TEAM = 3T343GTPL5;
				GENERATE_INFOPLIST_FILE = YES;
				IPHONEOS_DEPLOYMENT_TARGET = 17.5;
				MACOSX_DEPLOYMENT_TARGET = 14.4;
				MARKETING_VERSION = 1.0;
				PRODUCT_BUNDLE_IDENTIFIER = yan.shirin.ScannerTests;
				PRODUCT_NAME = "$(TARGET_NAME)";
				SDKROOT = auto;
				SUPPORTED_PLATFORMS = "iphoneos iphonesimulator macosx";
				SWIFT_EMIT_LOC_STRINGS = NO;
				SWIFT_VERSION = 5.0;
				TARGETED_DEVICE_FAMILY = "1,2";
				TEST_HOST = "$(BUILT_PRODUCTS_DIR)/Scanner.app/$(BUNDLE_EXECUTABLE_FOLDER_PATH)/Scanner";
			};
			name = Release;
		};
		668777ED2C779FB500EC905A /* Debug */ = {
			isa = XCBuildConfiguration;
			buildSettings = {
				ALWAYS_EMBED_SWIFT_STANDARD_LIBRARIES = YES;
				CODE_SIGN_STYLE = Automatic;
				CURRENT_PROJECT_VERSION = 1;
				DEVELOPMENT_TEAM = 3T343GTPL5;
				GENERATE_INFOPLIST_FILE = YES;
				IPHONEOS_DEPLOYMENT_TARGET = 17.5;
				MACOSX_DEPLOYMENT_TARGET = 14.4;
				MARKETING_VERSION = 1.0;
				PRODUCT_BUNDLE_IDENTIFIER = yan.shirin.ScannerUITests;
				PRODUCT_NAME = "$(TARGET_NAME)";
				SDKROOT = auto;
				SUPPORTED_PLATFORMS = "iphoneos iphonesimulator macosx";
				SWIFT_EMIT_LOC_STRINGS = NO;
				SWIFT_VERSION = 5.0;
				TARGETED_DEVICE_FAMILY = "1,2";
				TEST_TARGET_NAME = Scanner;
			};
			name = Debug;
		};
		668777EE2C779FB500EC905A /* Release */ = {
			isa = XCBuildConfiguration;
			buildSettings = {
				ALWAYS_EMBED_SWIFT_STANDARD_LIBRARIES = YES;
				CODE_SIGN_STYLE = Automatic;
				CURRENT_PROJECT_VERSION = 1;
				DEVELOPMENT_TEAM = 3T343GTPL5;
				GENERATE_INFOPLIST_FILE = YES;
				IPHONEOS_DEPLOYMENT_TARGET = 17.5;
				MACOSX_DEPLOYMENT_TARGET = 14.4;
				MARKETING_VERSION = 1.0;
				PRODUCT_BUNDLE_IDENTIFIER = yan.shirin.ScannerUITests;
				PRODUCT_NAME = "$(TARGET_NAME)";
				SDKROOT = auto;
				SUPPORTED_PLATFORMS = "iphoneos iphonesimulator macosx";
				SWIFT_EMIT_LOC_STRINGS = NO;
				SWIFT_VERSION = 5.0;
				TARGETED_DEVICE_FAMILY = "1,2";
				TEST_TARGET_NAME = Scanner;
			};
			name = Release;
		};
/* End XCBuildConfiguration section */

/* Begin XCConfigurationList section */
		668777BC2C779FB400EC905A /* Build configuration list for PBXProject "Scanner" */ = {
			isa = XCConfigurationList;
			buildConfigurations = (
				668777E42C779FB500EC905A /* Debug */,
				668777E52C779FB500EC905A /* Release */,
			);
			defaultConfigurationIsVisible = 0;
			defaultConfigurationName = Release;
		};
		668777E62C779FB500EC905A /* Build configuration list for PBXNativeTarget "Scanner" */ = {
			isa = XCConfigurationList;
			buildConfigurations = (
				668777E72C779FB500EC905A /* Debug */,
				668777E82C779FB500EC905A /* Release */,
			);
			defaultConfigurationIsVisible = 0;
			defaultConfigurationName = Release;
		};
		668777E92C779FB500EC905A /* Build configuration list for PBXNativeTarget "ScannerTests" */ = {
			isa = XCConfigurationList;
			buildConfigurations = (
				668777EA2C779FB500EC905A /* Debug */,
				668777EB2C779FB500EC905A /* Release */,
			);
			defaultConfigurationIsVisible = 0;
			defaultConfigurationName = Release;
		};
		668777EC2C779FB500EC905A /* Build configuration list for PBXNativeTarget "ScannerUITests" */ = {
			isa = XCConfigurationList;
			buildConfigurations = (
				668777ED2C779FB500EC905A /* Debug */,
				668777EE2C779FB500EC905A /* Release */,
			);
			defaultConfigurationIsVisible = 0;
			defaultConfigurationName = Release;
		};
/* End XCConfigurationList section */

/* Begin XCRemoteSwiftPackageReference section */
		662F1A752C79DFFA005A9367 /* XCRemoteSwiftPackageReference "TOCropViewController" */ = {
			isa = XCRemoteSwiftPackageReference;
			repositoryURL = "https://github.com/TimOliver/TOCropViewController";
			requirement = {
				kind = upToNextMajorVersion;
				minimumVersion = 2.7.4;
			};
		};
/* End XCRemoteSwiftPackageReference section */

/* Begin XCSwiftPackageProductDependency section */
		662F1A762C79DFFA005A9367 /* CropViewController */ = {
			isa = XCSwiftPackageProductDependency;
			package = 662F1A752C79DFFA005A9367 /* XCRemoteSwiftPackageReference "TOCropViewController" */;
			productName = CropViewController;
		};
		662F1A782C79DFFA005A9367 /* TOCropViewController */ = {
			isa = XCSwiftPackageProductDependency;
			package = 662F1A752C79DFFA005A9367 /* XCRemoteSwiftPackageReference "TOCropViewController" */;
			productName = TOCropViewController;
		};
/* End XCSwiftPackageProductDependency section */
	};
	rootObject = 668777B92C779FB400EC905A /* Project object */;
}
